
Microsoft Visual Studio Solution File, Format Version 12.00
# Visual Studio 15
VisualStudioVersion = 15.0.28010.2050
MinimumVisualStudioVersion = 10.0.40219.1
Project("{8BC9CEB8-8B4A-11D0-8D11-00A0C91BC942}") = "CplusplusLanguage", "CplusplusLanguage\CplusplusLanguage.vcxproj", "{44EE443F-985F-435C-92BE-BC3105D4FC20}"
EndProject
Project("{8BC9CEB8-8B4A-11D0-8D11-00A0C91BC942}") = "Cplusplus_Part1", "Cplusplus_Part1\Cplusplus_Part1.vcxproj", "{73D32F5E-0CCA-4390-9B11-6E5C3F487264}"
EndProject
Project("{8BC9CEB8-8B4A-11D0-8D11-00A0C91BC942}") = "Cplusplus_Part2", "Cplusplus_Part2\Cplusplus_Part2.vcxproj", "{ABD4AB77-945E-43C0-BC6B-7A5FC3E6EE82}"
EndProject
Project("{8BC9CEB8-8B4A-11D0-8D11-00A0C91BC942}") = "Cplusplus_Part3", "Cplusplus_Part3\Cplusplus_Part3.vcxproj", "{077E7D73-4B30-4244-AAAF-783E67E1A5DA}"
EndProject
Project("{8BC9CEB8-8B4A-11D0-8D11-00A0C91BC942}") = "Cplusplus_Part4", "Cplusplus_Part4\Cplusplus_Part4.vcxproj", "{DE7A4817-2A26-4CA6-A54E-87FDD864E249}"
EndProject
Project("{8BC9CEB8-8B4A-11D0-8D11-00A0C91BC942}") = "Cplusplus_Part5", "Cplusplus_Part5\Cplusplus_Part5.vcxproj", "{9EC7498A-33C4-4D5D-934B-EC10AEB09D3B}"
EndProject
Global
	GlobalSection(SolutionConfigurationPlatforms) = preSolution
		Debug|x64 = Debug|x64
		Debug|x86 = Debug|x86
		Release|x64 = Release|x64
		Release|x86 = Release|x86
	EndGlobalSection
	GlobalSection(ProjectConfigurationPlatforms) = postSolution
		{44EE443F-985F-435C-92BE-BC3105D4FC20}.Debug|x64.ActiveCfg = Debug|x64
		{44EE443F-985F-435C-92BE-BC3105D4FC20}.Debug|x64.Build.0 = Debug|x64
		{44EE443F-985F-435C-92BE-BC3105D4FC20}.Debug|x86.ActiveCfg = Debug|Win32
		{44EE443F-985F-435C-92BE-BC3105D4FC20}.Debug|x86.Build.0 = Debug|Win32
		{44EE443F-985F-435C-92BE-BC3105D4FC20}.Release|x64.ActiveCfg = Release|x64
		{44EE443F-985F-435C-92BE-BC3105D4FC20}.Release|x64.Build.0 = Release|x64
		{44EE443F-985F-435C-92BE-BC3105D4FC20}.Release|x86.ActiveCfg = Release|Win32
		{44EE443F-985F-435C-92BE-BC3105D4FC20}.Release|x86.Build.0 = Release|Win32
		{73D32F5E-0CCA-4390-9B11-6E5C3F487264}.Debug|x64.ActiveCfg = Debug|x64
		{73D32F5E-0CCA-4390-9B11-6E5C3F487264}.Debug|x64.Build.0 = Debug|x64
		{73D32F5E-0CCA-4390-9B11-6E5C3F487264}.Debug|x86.ActiveCfg = Debug|Win32
		{73D32F5E-0CCA-4390-9B11-6E5C3F487264}.Debug|x86.Build.0 = Debug|Win32
		{73D32F5E-0CCA-4390-9B11-6E5C3F487264}.Release|x64.ActiveCfg = Release|x64
		{73D32F5E-0CCA-4390-9B11-6E5C3F487264}.Release|x64.Build.0 = Release|x64
		{73D32F5E-0CCA-4390-9B11-6E5C3F487264}.Release|x86.ActiveCfg = Release|Win32
		{73D32F5E-0CCA-4390-9B11-6E5C3F487264}.Release|x86.Build.0 = Release|Win32
		{ABD4AB77-945E-43C0-BC6B-7A5FC3E6EE82}.Debug|x64.ActiveCfg = Debug|x64
		{ABD4AB77-945E-43C0-BC6B-7A5FC3E6EE82}.Debug|x64.Build.0 = Debug|x64
		{ABD4AB77-945E-43C0-BC6B-7A5FC3E6EE82}.Debug|x86.ActiveCfg = Debug|Win32
		{ABD4AB77-945E-43C0-BC6B-7A5FC3E6EE82}.Debug|x86.Build.0 = Debug|Win32
		{ABD4AB77-945E-43C0-BC6B-7A5FC3E6EE82}.Release|x64.ActiveCfg = Release|x64
		{ABD4AB77-945E-43C0-BC6B-7A5FC3E6EE82}.Release|x64.Build.0 = Release|x64
		{ABD4AB77-945E-43C0-BC6B-7A5FC3E6EE82}.Release|x86.ActiveCfg = Release|Win32
		{ABD4AB77-945E-43C0-BC6B-7A5FC3E6EE82}.Release|x86.Build.0 = Release|Win32
		{077E7D73-4B30-4244-AAAF-783E67E1A5DA}.Debug|x64.ActiveCfg = Debug|x64
		{077E7D73-4B30-4244-AAAF-783E67E1A5DA}.Debug|x64.Build.0 = Debug|x64
		{077E7D73-4B30-4244-AAAF-783E67E1A5DA}.Debug|x86.ActiveCfg = Debug|Win32
		{077E7D73-4B30-4244-AAAF-783E67E1A5DA}.Debug|x86.Build.0 = Debug|Win32
		{077E7D73-4B30-4244-AAAF-783E67E1A5DA}.Release|x64.ActiveCfg = Release|x64
		{077E7D73-4B30-4244-AAAF-783E67E1A5DA}.Release|x64.Build.0 = Release|x64
		{077E7D73-4B30-4244-AAAF-783E67E1A5DA}.Release|x86.ActiveCfg = Release|Win32
		{077E7D73-4B30-4244-AAAF-783E67E1A5DA}.Release|x86.Build.0 = Release|Win32
		{DE7A4817-2A26-4CA6-A54E-87FDD864E249}.Debug|x64.ActiveCfg = Debug|x64
		{DE7A4817-2A26-4CA6-A54E-87FDD864E249}.Debug|x64.Build.0 = Debug|x64
		{DE7A4817-2A26-4CA6-A54E-87FDD864E249}.Debug|x86.ActiveCfg = Debug|Win32
		{DE7A4817-2A26-4CA6-A54E-87FDD864E249}.Debug|x86.Build.0 = Debug|Win32
		{DE7A4817-2A26-4CA6-A54E-87FDD864E249}.Release|x64.ActiveCfg = Release|x64
		{DE7A4817-2A26-4CA6-A54E-87FDD864E249}.Release|x64.Build.0 = Release|x64
		{DE7A4817-2A26-4CA6-A54E-87FDD864E249}.Release|x86.ActiveCfg = Release|Win32
		{DE7A4817-2A26-4CA6-A54E-87FDD864E249}.Release|x86.Build.0 = Release|Win32
		{9EC7498A-33C4-4D5D-934B-EC10AEB09D3B}.Debug|x64.ActiveCfg = Debug|x64
		{9EC7498A-33C4-4D5D-934B-EC10AEB09D3B}.Debug|x64.Build.0 = Debug|x64
		{9EC7498A-33C4-4D5D-934B-EC10AEB09D3B}.Debug|x86.ActiveCfg = Debug|Win32
		{9EC7498A-33C4-4D5D-934B-EC10AEB09D3B}.Debug|x86.Build.0 = Debug|Win32
		{9EC7498A-33C4-4D5D-934B-EC10AEB09D3B}.Release|x64.ActiveCfg = Release|x64
		{9EC7498A-33C4-4D5D-934B-EC10AEB09D3B}.Release|x64.Build.0 = Release|x64
		{9EC7498A-33C4-4D5D-934B-EC10AEB09D3B}.Release|x86.ActiveCfg = Release|Win32
		{9EC7498A-33C4-4D5D-934B-EC10AEB09D3B}.Release|x86.Build.0 = Release|Win32
	EndGlobalSection
	GlobalSection(SolutionProperties) = preSolution
		HideSolutionNode = FALSE
	EndGlobalSection
	GlobalSection(ExtensibilityGlobals) = postSolution
		SolutionGuid = {FF47EF31-BC56-49D2-8590-949596D1A51F}
	EndGlobalSection
EndGlobal
